github.com/McShelby/hugo-theme-relearn v0.0.0-20230328175528-8d474ed3b16b h1:jxQtSeFMg84UClWIS1sxQXCraGeGmTsq+SBFHvaN4/k=
github.com/McShelby/hugo-theme-relearn v0.0.0-20230328175528-8d474ed3b16b/go.mod h1:mKQQdxZNIlLvAj8X3tMq+RzntIJSr9z7XdzuMomt0IM=
github.com/McShelby/hugo-theme-relearn v0.0.0-20230622170510-61ccf4e42f4f h1:7SMp/lX1Hkv3pHEwJo8kH/95HCCpURtlg35EWcPFnBI=
github.com/McShelby/hugo-theme-relearn v0.0.0-20230622170510-61ccf4e42f4f/go.mod h1:mKQQdxZNIlLvAj8X3tMq+RzntIJSr9z7XdzuMomt0IM=
github.com/McShelby/hugo-theme-relearn v0.0.0-20240302152359-3425f3956a9d h1:+9uLdU8vaU43Qf6N0dhnI8ATZl/2tQlTx7tJ2r7F4Qw=
github.com/McShelby/hugo-theme-relearn v0.0.0-20240302152359-3425f3956a9d/go.mod h1:mKQQdxZNIlLvAj8X3tMq+RzntIJSr9z7XdzuMomt0IM=
github.com/McShelby/hugo-theme-relearn v0.0.0-20240503165000-ff35016bcab2 h1:jcb5Aju57SiLF0KKUgI6/Kq0VKNmsWroW2jsTs1mkDk=
github.com/McShelby/hugo-theme-relearn v0.0.0-20240503165000-ff35016bcab2/go.mod h1:mKQQdxZNIlLvAj8X3tMq+RzntIJSr9z7XdzuMomt0IM=
